{
  "nodes": {
    "nixpkgs": {
      "locked": {
        "lastModified": 1788179007,
        "narHash": "sha256-hn1oU2rue2SYK8dAr8+WNZWtbsz1S2W5mnHlSEuh3bo=",
        "owner": "NixOS",
        "repo": "nixpkgs",
        "rev": "34ab99075ac4f7e40cf037eef32cb1c360bb85e9",
        "type": "github"
      },
      "original": {
        "owner": "NixOS",
        "ref": "nixos-unstable",
        "repo": "nixpkgs",
        "type": "github"
      }
    },
    "root": {
      "inputs": {
        "nixpkgs": "nixpkgs",
        "sing-geoip": "sing-geoip",
        "sing-geosite": "sing-geosite"
      }
    },
    "sing-geoip": {
      "flake": false,
      "locked": {
        "lastModified": 1786525964,
        "narHash": "sha256-Z+Ez9DJ1GQCNzsTg7c12b0t2lNAadta94gaq1FTnG50=",
        "owner": "SagerNet",
        "repo": "sing-geoip",
        "rev": "b9c5e675b4d5359d4b47f4434fa7ae77e9991306",
        "type": "github"
      },
      "original": {
        "owner": "SagerNet",
        "ref": "rule-set",
        "repo": "sing-geoip",
        "type": "github"
      }
    },
    "sing-geosite": {
      "flake": false,
      "locked": {
        "lastModified": 1787912769,
        "narHash": "sha256-CS8Yyek81dZhfc/yeth3rIL9OMX0B/MGvhdiGTWthVo=",
        "owner": "SagerNet",
        "repo": "sing-geosite",
        "rev": "f0a27e83e462d93efa2632c999fd8ccfce971de8",
        "type": "github"
      },
      "original": {
        "owner": "SagerNet",
        "ref": "rule-set",
        "repo": "sing-geosite",
        "type": "github"
      }
    }
  },
  "root": "root",
  "version": 7
}
