{
  "nodes": {
    "nixpkgs": {
      "locked": {
        "lastModified": 1789286504,
        "narHash": "sha256-eiEK7cKZORNEvX0GeF3RtNEF/JXhgf2RqSp3230q13E=",
        "owner": "NixOS",
        "repo": "nixpkgs",
        "rev": "ef34387ddd751e1ab8857adf4676492d32eb24ec",
        "type": "github"
      },
      "original": {
        "owner": "NixOS",
        "ref": "nixos-unstable",
        "repo": "nixpkgs",
        "type": "github"
      }
    },
    "root": {
      "inputs": {
        "nixpkgs": "nixpkgs",
        "sing-geoip": "sing-geoip",
        "sing-geosite": "sing-geosite"
      }
    },
    "sing-geoip": {
      "flake": false,
      "locked": {
        "lastModified": 1789214447,
        "narHash": "sha256-pnqgQY6hRUgciVW+9npMGNfKnnWdn466FN/QOtPpFac=",
        "owner": "SagerNet",
        "repo": "sing-geoip",
        "rev": "7fe82a879ad2666526730c195b55a6d8d9147908",
        "type": "github"
      },
      "original": {
        "owner": "SagerNet",
        "ref": "rule-set",
        "repo": "sing-geoip",
        "type": "github"
      }
    },
    "sing-geosite": {
      "flake": false,
      "locked": {
        "lastModified": 1788926123,
        "narHash": "sha256-ysxi5K6ZHsxHCwX0p+emsnoDp1rNLJvp6KwgDHT19kQ=",
        "owner": "SagerNet",
        "repo": "sing-geosite",
        "rev": "56bbf6a9ce7ea1ad8b5f3cccde1a60a7531a9ebc",
        "type": "github"
      },
      "original": {
        "owner": "SagerNet",
        "ref": "rule-set",
        "repo": "sing-geosite",
        "type": "github"
      }
    }
  },
  "root": "root",
  "version": 7
}
