{
  "nodes": {
    "nixpkgs": {
      "locked": {
        "lastModified": 1789785513,
        "narHash": "sha256-B44WL6h0XoLjJ41bUPJk0X5SDinLCII//6EcBLXKiJ0=",
        "owner": "NixOS",
        "repo": "nixpkgs",
        "rev": "20b1ddd1aa5ace70c9468305030aa4f9ef79671b",
        "type": "github"
      },
      "original": {
        "owner": "NixOS",
        "ref": "nixos-unstable",
        "repo": "nixpkgs",
        "type": "github"
      }
    },
    "root": {
      "inputs": {
        "nixpkgs": "nixpkgs",
        "sing-geoip": "sing-geoip",
        "sing-geosite": "sing-geosite"
      }
    },
    "sing-geoip": {
      "flake": false,
      "locked": {
        "lastModified": 1789214447,
        "narHash": "sha256-pnqgQY6hRUgciVW+9npMGNfKnnWdn466FN/QOtPpFac=",
        "owner": "SagerNet",
        "repo": "sing-geoip",
        "rev": "7fe82a879ad2666526730c195b55a6d8d9147908",
        "type": "github"
      },
      "original": {
        "owner": "SagerNet",
        "ref": "rule-set",
        "repo": "sing-geoip",
        "type": "github"
      }
    },
    "sing-geosite": {
      "flake": false,
      "locked": {
        "lastModified": 1789963790,
        "narHash": "sha256-heoN521pEsJJuhb3s5stuIaRs/j6ERIjjRRwuJW9US8=",
        "owner": "SagerNet",
        "repo": "sing-geosite",
        "rev": "2429f2eb3b84b3566f67d6099ae140592bea8100",
        "type": "github"
      },
      "original": {
        "owner": "SagerNet",
        "ref": "rule-set",
        "repo": "sing-geosite",
        "type": "github"
      }
    }
  },
  "root": "root",
  "version": 7
}
